
Microsoft Visual Studio Solution File, Format Version 12.00
# Visual Studio 2013
VisualStudioVersion = 12.0.40629.0
MinimumVisualStudioVersion = 10.0.40219.1
Project("{FAE04EC0-301F-11D3-BF4B-00C04F79EFBC}") = "Domain", "Enrollment\Domain\Domain.csproj", "{319A687B-B438-486F-A161-8D1563C2AB0F}"
EndProject
Project("{FAE04EC0-301F-11D3-BF4B-00C04F79EFBC}") = "Domain.Tests", "Enrollment\Domain.Tests\Domain.Tests.csproj", "{18C80FE1-7A2B-456B-8148-130F35D50A81}"
EndProject
Project("{FAE04EC0-301F-11D3-BF4B-00C04F79EFBC}") = "Application", "Enrollment\Application\Application.csproj", "{AE4B4E9D-2972-4E45-A50F-957F7C2F69F8}"
EndProject
Project("{FAE04EC0-301F-11D3-BF4B-00C04F79EFBC}") = "Infrastructure.Orm", "Enrollment\Infrastructure.Orm\Infrastructure.Orm.csproj", "{37E308BE-E192-4B6B-953B-D4E52AB7D58C}"
EndProject
Project("{FAE04EC0-301F-11D3-BF4B-00C04F79EFBC}") = "Infrastructure.WebApi", "Enrollment\Infrastructure.WebApi\Infrastructure.WebApi.csproj", "{5C8606EE-B174-4E7F-BE19-10E2A904FA68}"
EndProject
Project("{FAE04EC0-301F-11D3-BF4B-00C04F79EFBC}") = "UI.WebSpa", "Enrollment\UI.WebSpa\UI.WebSpa.csproj", "{2ED0711F-0CB6-4F88-B3DD-24F9A3E8CD28}"
EndProject
Global
	GlobalSection(SolutionConfigurationPlatforms) = preSolution
		Debug|Any CPU = Debug|Any CPU
		Release|Any CPU = Release|Any CPU
	EndGlobalSection
	GlobalSection(ProjectConfigurationPlatforms) = postSolution
		{319A687B-B438-486F-A161-8D1563C2AB0F}.Debug|Any CPU.ActiveCfg = Debug|Any CPU
		{319A687B-B438-486F-A161-8D1563C2AB0F}.Debug|Any CPU.Build.0 = Debug|Any CPU
		{319A687B-B438-486F-A161-8D1563C2AB0F}.Release|Any CPU.ActiveCfg = Release|Any CPU
		{319A687B-B438-486F-A161-8D1563C2AB0F}.Release|Any CPU.Build.0 = Release|Any CPU
		{18C80FE1-7A2B-456B-8148-130F35D50A81}.Debug|Any CPU.ActiveCfg = Debug|Any CPU
		{18C80FE1-7A2B-456B-8148-130F35D50A81}.Debug|Any CPU.Build.0 = Debug|Any CPU
		{18C80FE1-7A2B-456B-8148-130F35D50A81}.Release|Any CPU.ActiveCfg = Release|Any CPU
		{18C80FE1-7A2B-456B-8148-130F35D50A81}.Release|Any CPU.Build.0 = Release|Any CPU
		{AE4B4E9D-2972-4E45-A50F-957F7C2F69F8}.Debug|Any CPU.ActiveCfg = Debug|Any CPU
		{AE4B4E9D-2972-4E45-A50F-957F7C2F69F8}.Debug|Any CPU.Build.0 = Debug|Any CPU
		{AE4B4E9D-2972-4E45-A50F-957F7C2F69F8}.Release|Any CPU.ActiveCfg = Release|Any CPU
		{AE4B4E9D-2972-4E45-A50F-957F7C2F69F8}.Release|Any CPU.Build.0 = Release|Any CPU
		{37E308BE-E192-4B6B-953B-D4E52AB7D58C}.Debug|Any CPU.ActiveCfg = Debug|Any CPU
		{37E308BE-E192-4B6B-953B-D4E52AB7D58C}.Debug|Any CPU.Build.0 = Debug|Any CPU
		{37E308BE-E192-4B6B-953B-D4E52AB7D58C}.Release|Any CPU.ActiveCfg = Release|Any CPU
		{37E308BE-E192-4B6B-953B-D4E52AB7D58C}.Release|Any CPU.Build.0 = Release|Any CPU
		{5C8606EE-B174-4E7F-BE19-10E2A904FA68}.Debug|Any CPU.ActiveCfg = Debug|Any CPU
		{5C8606EE-B174-4E7F-BE19-10E2A904FA68}.Debug|Any CPU.Build.0 = Debug|Any CPU
		{5C8606EE-B174-4E7F-BE19-10E2A904FA68}.Release|Any CPU.ActiveCfg = Release|Any CPU
		{5C8606EE-B174-4E7F-BE19-10E2A904FA68}.Release|Any CPU.Build.0 = Release|Any CPU
		{2ED0711F-0CB6-4F88-B3DD-24F9A3E8CD28}.Debug|Any CPU.ActiveCfg = Debug|Any CPU
		{2ED0711F-0CB6-4F88-B3DD-24F9A3E8CD28}.Debug|Any CPU.Build.0 = Debug|Any CPU
		{2ED0711F-0CB6-4F88-B3DD-24F9A3E8CD28}.Release|Any CPU.ActiveCfg = Release|Any CPU
		{2ED0711F-0CB6-4F88-B3DD-24F9A3E8CD28}.Release|Any CPU.Build.0 = Release|Any CPU
	EndGlobalSection
	GlobalSection(SolutionProperties) = preSolution
		HideSolutionNode = FALSE
	EndGlobalSection
EndGlobal
